
Microsoft Visual Studio Solution File, Format Version 12.00
# Visual Studio Version 17
VisualStudioVersion = 17.3.32922.545
MinimumVisualStudioVersion = 10.0.40219.1
Project("{9A19103F-16F7-4668-BE54-9A1E7A4F7556}") = "Assignment6", "TestSqlLiteDatabase\Assignment6.csproj", "{236BEC85-872D-4E8C-A565-EE3E18AF7CBF}"
EndProject
Global
	GlobalSection(SolutionConfigurationPlatforms) = preSolution
		Debug|Any CPU = Debug|Any CPU
		Release|Any CPU = Release|Any CPU
	EndGlobalSection
	GlobalSection(ProjectConfigurationPlatforms) = postSolution
		{236BEC85-872D-4E8C-A565-EE3E18AF7CBF}.Debug|Any CPU.ActiveCfg = Debug|Any CPU
		{236BEC85-872D-4E8C-A565-EE3E18AF7CBF}.Debug|Any CPU.Build.0 = Debug|Any CPU
		{236BEC85-872D-4E8C-A565-EE3E18AF7CBF}.Release|Any CPU.ActiveCfg = Release|Any CPU
		{236BEC85-872D-4E8C-A565-EE3E18AF7CBF}.Release|Any CPU.Build.0 = Release|Any CPU
	EndGlobalSection
	GlobalSection(SolutionProperties) = preSolution
		HideSolutionNode = FALSE
	EndGlobalSection
	GlobalSection(ExtensibilityGlobals) = postSolution
		SolutionGuid = {18B9C96E-2904-4373-AED6-EAAE0B51AE17}
	EndGlobalSection
EndGlobal
